
Microsoft Visual Studio Solution File, Format Version 11.00
# Visual C++ Express 2010
Project("{8BC9CEB8-8B4A-11D0-8D11-00A0C91BC942}") = "CL_K09_1", "CL_K09_1\CL_K09_1.vcxproj", "{F584B761-D26E-4EEB-AF12-EE4FA352D351}"
EndProject
Global
	GlobalSection(SolutionConfigurationPlatforms) = preSolution
		Debug|Win32 = Debug|Win32
		Release|Win32 = Release|Win32
	EndGlobalSection
	GlobalSection(ProjectConfigurationPlatforms) = postSolution
		{F584B761-D26E-4EEB-AF12-EE4FA352D351}.Debug|Win32.ActiveCfg = Debug|Win32
		{F584B761-D26E-4EEB-AF12-EE4FA352D351}.Debug|Win32.Build.0 = Debug|Win32
		{F584B761-D26E-4EEB-AF12-EE4FA352D351}.Release|Win32.ActiveCfg = Release|Win32
		{F584B761-D26E-4EEB-AF12-EE4FA352D351}.Release|Win32.Build.0 = Release|Win32
	EndGlobalSection
	GlobalSection(SolutionProperties) = preSolution
		HideSolutionNode = FALSE
	EndGlobalSection
EndGlobal
