
Microsoft Visual Studio Solution File, Format Version 11.00
# Visual C++ Express 2010
Project("{8BC9CEB8-8B4A-11D0-8D11-00A0C91BC942}") = "CL_R81", "CL_R81\CL_R81.vcxproj", "{E8AE4B60-DD33-48E0-8292-5E2094A34002}"
EndProject
Global
	GlobalSection(SolutionConfigurationPlatforms) = preSolution
		Debug|Win32 = Debug|Win32
		Release|Win32 = Release|Win32
	EndGlobalSection
	GlobalSection(ProjectConfigurationPlatforms) = postSolution
		{E8AE4B60-DD33-48E0-8292-5E2094A34002}.Debug|Win32.ActiveCfg = Debug|Win32
		{E8AE4B60-DD33-48E0-8292-5E2094A34002}.Debug|Win32.Build.0 = Debug|Win32
		{E8AE4B60-DD33-48E0-8292-5E2094A34002}.Release|Win32.ActiveCfg = Release|Win32
		{E8AE4B60-DD33-48E0-8292-5E2094A34002}.Release|Win32.Build.0 = Release|Win32
	EndGlobalSection
	GlobalSection(SolutionProperties) = preSolution
		HideSolutionNode = FALSE
	EndGlobalSection
EndGlobal
