
Microsoft Visual Studio Solution File, Format Version 11.00
# Visual C++ Express 2010
Project("{8BC9CEB8-8B4A-11D0-8D11-00A0C91BC942}") = "CL_R73", "CL_R73\CL_R73.vcxproj", "{3DF87896-B87D-4D4C-BF27-E979B430DD81}"
EndProject
Global
	GlobalSection(SolutionConfigurationPlatforms) = preSolution
		Debug|Win32 = Debug|Win32
		Release|Win32 = Release|Win32
	EndGlobalSection
	GlobalSection(ProjectConfigurationPlatforms) = postSolution
		{3DF87896-B87D-4D4C-BF27-E979B430DD81}.Debug|Win32.ActiveCfg = Debug|Win32
		{3DF87896-B87D-4D4C-BF27-E979B430DD81}.Debug|Win32.Build.0 = Debug|Win32
		{3DF87896-B87D-4D4C-BF27-E979B430DD81}.Release|Win32.ActiveCfg = Release|Win32
		{3DF87896-B87D-4D4C-BF27-E979B430DD81}.Release|Win32.Build.0 = Release|Win32
	EndGlobalSection
	GlobalSection(SolutionProperties) = preSolution
		HideSolutionNode = FALSE
	EndGlobalSection
EndGlobal
