
Microsoft Visual Studio Solution File, Format Version 11.00
# Visual C++ Express 2010
Project("{8BC9CEB8-8B4A-11D0-8D11-00A0C91BC942}") = "CL_R29", "CL_R29\CL_R29.vcxproj", "{02E9507C-F81E-4A42-9A51-65F099CE7BAD}"
EndProject
Global
	GlobalSection(SolutionConfigurationPlatforms) = preSolution
		Debug|Win32 = Debug|Win32
		Release|Win32 = Release|Win32
	EndGlobalSection
	GlobalSection(ProjectConfigurationPlatforms) = postSolution
		{02E9507C-F81E-4A42-9A51-65F099CE7BAD}.Debug|Win32.ActiveCfg = Debug|Win32
		{02E9507C-F81E-4A42-9A51-65F099CE7BAD}.Debug|Win32.Build.0 = Debug|Win32
		{02E9507C-F81E-4A42-9A51-65F099CE7BAD}.Release|Win32.ActiveCfg = Release|Win32
		{02E9507C-F81E-4A42-9A51-65F099CE7BAD}.Release|Win32.Build.0 = Release|Win32
	EndGlobalSection
	GlobalSection(SolutionProperties) = preSolution
		HideSolutionNode = FALSE
	EndGlobalSection
EndGlobal
