
Microsoft Visual Studio Solution File, Format Version 11.00
# Visual C++ Express 2010
Project("{8BC9CEB8-8B4A-11D0-8D11-00A0C91BC942}") = "CL_R58", "CL_R58\CL_R58.vcxproj", "{981ED602-5248-4B76-8E75-8D7F65541CE0}"
EndProject
Global
	GlobalSection(SolutionConfigurationPlatforms) = preSolution
		Debug|Win32 = Debug|Win32
		Release|Win32 = Release|Win32
	EndGlobalSection
	GlobalSection(ProjectConfigurationPlatforms) = postSolution
		{981ED602-5248-4B76-8E75-8D7F65541CE0}.Debug|Win32.ActiveCfg = Debug|Win32
		{981ED602-5248-4B76-8E75-8D7F65541CE0}.Debug|Win32.Build.0 = Debug|Win32
		{981ED602-5248-4B76-8E75-8D7F65541CE0}.Release|Win32.ActiveCfg = Release|Win32
		{981ED602-5248-4B76-8E75-8D7F65541CE0}.Release|Win32.Build.0 = Release|Win32
	EndGlobalSection
	GlobalSection(SolutionProperties) = preSolution
		HideSolutionNode = FALSE
	EndGlobalSection
EndGlobal
