
Microsoft Visual Studio Solution File, Format Version 11.00
# Visual C++ Express 2010
Project("{8BC9CEB8-8B4A-11D0-8D11-00A0C91BC942}") = "CL_K07_1", "CL_K07_1\CL_K07_1.vcxproj", "{33A0E511-A879-469B-BAA0-0A1EAE830EE4}"
EndProject
Global
	GlobalSection(SolutionConfigurationPlatforms) = preSolution
		Debug|Win32 = Debug|Win32
		Release|Win32 = Release|Win32
	EndGlobalSection
	GlobalSection(ProjectConfigurationPlatforms) = postSolution
		{33A0E511-A879-469B-BAA0-0A1EAE830EE4}.Debug|Win32.ActiveCfg = Debug|Win32
		{33A0E511-A879-469B-BAA0-0A1EAE830EE4}.Debug|Win32.Build.0 = Debug|Win32
		{33A0E511-A879-469B-BAA0-0A1EAE830EE4}.Release|Win32.ActiveCfg = Release|Win32
		{33A0E511-A879-469B-BAA0-0A1EAE830EE4}.Release|Win32.Build.0 = Release|Win32
	EndGlobalSection
	GlobalSection(SolutionProperties) = preSolution
		HideSolutionNode = FALSE
	EndGlobalSection
EndGlobal
