
Microsoft Visual Studio Solution File, Format Version 11.00
# Visual C++ Express 2010
Project("{8BC9CEB8-8B4A-11D0-8D11-00A0C91BC942}") = "CL_R38", "CL_R38\CL_R38.vcxproj", "{10E65B44-65CE-4F2E-B794-B15664EE2D06}"
EndProject
Global
	GlobalSection(SolutionConfigurationPlatforms) = preSolution
		Debug|Win32 = Debug|Win32
		Release|Win32 = Release|Win32
	EndGlobalSection
	GlobalSection(ProjectConfigurationPlatforms) = postSolution
		{10E65B44-65CE-4F2E-B794-B15664EE2D06}.Debug|Win32.ActiveCfg = Debug|Win32
		{10E65B44-65CE-4F2E-B794-B15664EE2D06}.Debug|Win32.Build.0 = Debug|Win32
		{10E65B44-65CE-4F2E-B794-B15664EE2D06}.Release|Win32.ActiveCfg = Release|Win32
		{10E65B44-65CE-4F2E-B794-B15664EE2D06}.Release|Win32.Build.0 = Release|Win32
	EndGlobalSection
	GlobalSection(SolutionProperties) = preSolution
		HideSolutionNode = FALSE
	EndGlobalSection
EndGlobal
