
Microsoft Visual Studio Solution File, Format Version 11.00
# Visual C++ Express 2010
Project("{8BC9CEB8-8B4A-11D0-8D11-00A0C91BC942}") = "CL_K05_3", "CL_K05_3\CL_K05_3.vcxproj", "{61E0EEA7-F9C5-4B02-8277-F6EEF23A7D87}"
EndProject
Global
	GlobalSection(SolutionConfigurationPlatforms) = preSolution
		Debug|Win32 = Debug|Win32
		Release|Win32 = Release|Win32
	EndGlobalSection
	GlobalSection(ProjectConfigurationPlatforms) = postSolution
		{61E0EEA7-F9C5-4B02-8277-F6EEF23A7D87}.Debug|Win32.ActiveCfg = Debug|Win32
		{61E0EEA7-F9C5-4B02-8277-F6EEF23A7D87}.Debug|Win32.Build.0 = Debug|Win32
		{61E0EEA7-F9C5-4B02-8277-F6EEF23A7D87}.Release|Win32.ActiveCfg = Release|Win32
		{61E0EEA7-F9C5-4B02-8277-F6EEF23A7D87}.Release|Win32.Build.0 = Release|Win32
	EndGlobalSection
	GlobalSection(SolutionProperties) = preSolution
		HideSolutionNode = FALSE
	EndGlobalSection
EndGlobal
