
Microsoft Visual Studio Solution File, Format Version 11.00
# Visual C++ Express 2010
Project("{8BC9CEB8-8B4A-11D0-8D11-00A0C91BC942}") = "CL_R19", "CL_R19\CL_R19.vcxproj", "{4F6F38A7-9DCE-4BF7-A370-845C38E3570B}"
EndProject
Global
	GlobalSection(SolutionConfigurationPlatforms) = preSolution
		Debug|Win32 = Debug|Win32
		Release|Win32 = Release|Win32
	EndGlobalSection
	GlobalSection(ProjectConfigurationPlatforms) = postSolution
		{4F6F38A7-9DCE-4BF7-A370-845C38E3570B}.Debug|Win32.ActiveCfg = Debug|Win32
		{4F6F38A7-9DCE-4BF7-A370-845C38E3570B}.Debug|Win32.Build.0 = Debug|Win32
		{4F6F38A7-9DCE-4BF7-A370-845C38E3570B}.Release|Win32.ActiveCfg = Release|Win32
		{4F6F38A7-9DCE-4BF7-A370-845C38E3570B}.Release|Win32.Build.0 = Release|Win32
	EndGlobalSection
	GlobalSection(SolutionProperties) = preSolution
		HideSolutionNode = FALSE
	EndGlobalSection
EndGlobal
