
Microsoft Visual Studio Solution File, Format Version 11.00
# Visual C++ Express 2010
Project("{8BC9CEB8-8B4A-11D0-8D11-00A0C91BC942}") = "CL_R35", "CL_R35\CL_R35.vcxproj", "{B8D1A433-8F04-4809-BC0E-801FCBEE47FF}"
EndProject
Global
	GlobalSection(SolutionConfigurationPlatforms) = preSolution
		Debug|Win32 = Debug|Win32
		Release|Win32 = Release|Win32
	EndGlobalSection
	GlobalSection(ProjectConfigurationPlatforms) = postSolution
		{B8D1A433-8F04-4809-BC0E-801FCBEE47FF}.Debug|Win32.ActiveCfg = Debug|Win32
		{B8D1A433-8F04-4809-BC0E-801FCBEE47FF}.Debug|Win32.Build.0 = Debug|Win32
		{B8D1A433-8F04-4809-BC0E-801FCBEE47FF}.Release|Win32.ActiveCfg = Release|Win32
		{B8D1A433-8F04-4809-BC0E-801FCBEE47FF}.Release|Win32.Build.0 = Release|Win32
	EndGlobalSection
	GlobalSection(SolutionProperties) = preSolution
		HideSolutionNode = FALSE
	EndGlobalSection
EndGlobal
